
Microsoft Visual Studio Solution File, Format Version 11.00
# Visual Studio 2010
Project("{FAE04EC0-301F-11D3-BF4B-00C04F79EFBC}") = "Assembly-CSharp", "Assembly-CSharp.csproj", "{f3af8f24-f8a4-78a7-2cdc-c59cac849344}"
EndProject
Project("{FAE04EC0-301F-11D3-BF4B-00C04F79EFBC}") = "Assembly-CSharp-Editor", "Assembly-CSharp-Editor.csproj", "{087f9fe5-7f46-a759-6f03-2b3977fbbce1}"
EndProject
Global
	GlobalSection(SolutionConfigurationPlatforms) = preSolution
		Debug|Any CPU = Debug|Any CPU
		Release|Any CPU = Release|Any CPU
	EndGlobalSection
	GlobalSection(ProjectConfigurationPlatforms) = postSolution
		{f3af8f24-f8a4-78a7-2cdc-c59cac849344}.Debug|Any CPU.ActiveCfg = Debug|Any CPU
		{f3af8f24-f8a4-78a7-2cdc-c59cac849344}.Debug|Any CPU.Build.0 = Debug|Any CPU
		{f3af8f24-f8a4-78a7-2cdc-c59cac849344}.Release|Any CPU.ActiveCfg = Release|Any CPU
		{f3af8f24-f8a4-78a7-2cdc-c59cac849344}.Release|Any CPU.Build.0 = Release|Any CPU
		{087f9fe5-7f46-a759-6f03-2b3977fbbce1}.Debug|Any CPU.ActiveCfg = Debug|Any CPU
		{087f9fe5-7f46-a759-6f03-2b3977fbbce1}.Debug|Any CPU.Build.0 = Debug|Any CPU
		{087f9fe5-7f46-a759-6f03-2b3977fbbce1}.Release|Any CPU.ActiveCfg = Release|Any CPU
		{087f9fe5-7f46-a759-6f03-2b3977fbbce1}.Release|Any CPU.Build.0 = Release|Any CPU
	EndGlobalSection
	GlobalSection(SolutionProperties) = preSolution
		HideSolutionNode = FALSE
	EndGlobalSection
EndGlobal
